Microsoft Visual Studio Solution File, Format Version 12.00
# Visual Studio Version 17
VisualStudioVersion = 17.0.31903.59
MinimumVisualStudioVersion = 10.0.40219.1
Project("{FAE04EC0-301F-11D3-BF4B-00C04F79EFBC}") = "Sbvz.Api", "src\Sbvz.Api\Sbvz.Api.csproj", "{A2C5278A-00EF-4BC8-85DE-F11F9A57C5FA}"
EndProject
Project("{FAE04EC0-301F-11D3-BF4B-00C04F79EFBC}") = "Sbvz.Api.Tests", "tests\Sbvz.Api.Tests\Sbvz.Api.Tests.csproj", "{8C1B8FB5-9F8E-4D11-9C08-65C13F8192DB}"
EndProject
Project("{FAE04EC0-301F-11D3-BF4B-00C04F79EFBC}") = "Sbvz.Api.EndToEndTests", "tests\Sbvz.Api.EndToEndTests\Sbvz.Api.EndToEndTests.csproj", "{4A76F3C9-E804-4A8C-AD09-91D231FAD418}"
EndProject
Project("{FAE04EC0-301F-11D3-BF4B-00C04F79EFBC}") = "Sbvz.Credentials", "tools\Sbvz.Credentials\Sbvz.Credentials.csproj", "{745741C1-40C8-45B1-A798-F4823F1CD6E9}"
EndProject
Global
	GlobalSection(SolutionConfigurationPlatforms) = preSolution
		Debug|Any CPU = Debug|Any CPU
		Release|Any CPU = Release|Any CPU
	EndGlobalSection
	GlobalSection(ProjectConfigurationPlatforms) = postSolution
		{A2C5278A-00EF-4BC8-85DE-F11F9A57C5FA}.Debug|Any CPU.ActiveCfg = Debug|Any CPU
		{A2C5278A-00EF-4BC8-85DE-F11F9A57C5FA}.Debug|Any CPU.Build.0 = Debug|Any CPU
		{A2C5278A-00EF-4BC8-85DE-F11F9A57C5FA}.Release|Any CPU.ActiveCfg = Release|Any CPU
		{A2C5278A-00EF-4BC8-85DE-F11F9A57C5FA}.Release|Any CPU.Build.0 = Release|Any CPU
		{8C1B8FB5-9F8E-4D11-9C08-65C13F8192DB}.Debug|Any CPU.ActiveCfg = Debug|Any CPU
		{8C1B8FB5-9F8E-4D11-9C08-65C13F8192DB}.Debug|Any CPU.Build.0 = Debug|Any CPU
		{8C1B8FB5-9F8E-4D11-9C08-65C13F8192DB}.Release|Any CPU.ActiveCfg = Release|Any CPU
		{8C1B8FB5-9F8E-4D11-9C08-65C13F8192DB}.Release|Any CPU.Build.0 = Release|Any CPU
		{4A76F3C9-E804-4A8C-AD09-91D231FAD418}.Debug|Any CPU.ActiveCfg = Debug|Any CPU
		{4A76F3C9-E804-4A8C-AD09-91D231FAD418}.Debug|Any CPU.Build.0 = Debug|Any CPU
		{4A76F3C9-E804-4A8C-AD09-91D231FAD418}.Release|Any CPU.ActiveCfg = Release|Any CPU
		{4A76F3C9-E804-4A8C-AD09-91D231FAD418}.Release|Any CPU.Build.0 = Release|Any CPU
		{745741C1-40C8-45B1-A798-F4823F1CD6E9}.Debug|Any CPU.ActiveCfg = Debug|Any CPU
		{745741C1-40C8-45B1-A798-F4823F1CD6E9}.Debug|Any CPU.Build.0 = Debug|Any CPU
		{745741C1-40C8-45B1-A798-F4823F1CD6E9}.Release|Any CPU.ActiveCfg = Release|Any CPU
		{745741C1-40C8-45B1-A798-F4823F1CD6E9}.Release|Any CPU.Build.0 = Release|Any CPU
	EndGlobalSection
EndGlobal
